PODS:
  - QBImagePickerController (3.4.0)
  - RSKImageCropper (1.6.3)

DEPENDENCIES:
  - QBImagePickerController
  - RSKImageCropper

SPEC CHECKSUMS:
  QBImagePickerController: d54cf93db6decf26baf6ed3472f336ef35cae022
  RSKImageCropper: 356e36fc58c57c371b5d8b23d603936d6a73df6c

PODFILE CHECKSUM: 009e2e6b8959742462f07373f1593b6f6349cfa3

COCOAPODS: 1.3.1
